
Microsoft Visual Studio Solution File, Format Version 12.00
# Visual Studio Version 17
VisualStudioVersion = 17.11.35327.3
MinimumVisualStudioVersion = 10.0.40219.1
Project("{FAE04EC0-301F-11D3-BF4B-00C04F79EFBC}") = "Ainaz_Zakirov_dz.", "Ainaz_Zakirov_dz\Ainaz_Zakirov_dz..csproj", "{50570967-10DF-45A7-B9AF-D9B7B5314535}"
EndProject
Project("{FAE04EC0-301F-11D3-BF4B-00C04F79EFBC}") = "Ainaz_Zakirov_lab3", "Ainaz_Zakirov_lab3\Ainaz_Zakirov_lab3.csproj", "{3B8EE3C4-33E0-4003-A354-BF0BDA1BA7FC}"
EndProject
Global
	GlobalSection(SolutionConfigurationPlatforms) = preSolution
		Debug|Any CPU = Debug|Any CPU
		Release|Any CPU = Release|Any CPU
	EndGlobalSection
	GlobalSection(ProjectConfigurationPlatforms) = postSolution
		{50570967-10DF-45A7-B9AF-D9B7B5314535}.Debug|Any CPU.ActiveCfg = Debug|Any CPU
		{50570967-10DF-45A7-B9AF-D9B7B5314535}.Debug|Any CPU.Build.0 = Debug|Any CPU
		{50570967-10DF-45A7-B9AF-D9B7B5314535}.Release|Any CPU.ActiveCfg = Release|Any CPU
		{50570967-10DF-45A7-B9AF-D9B7B5314535}.Release|Any CPU.Build.0 = Release|Any CPU
		{3B8EE3C4-33E0-4003-A354-BF0BDA1BA7FC}.Debug|Any CPU.ActiveCfg = Debug|Any CPU
		{3B8EE3C4-33E0-4003-A354-BF0BDA1BA7FC}.Debug|Any CPU.Build.0 = Debug|Any CPU
		{3B8EE3C4-33E0-4003-A354-BF0BDA1BA7FC}.Release|Any CPU.ActiveCfg = Release|Any CPU
		{3B8EE3C4-33E0-4003-A354-BF0BDA1BA7FC}.Release|Any CPU.Build.0 = Release|Any CPU
	EndGlobalSection
	GlobalSection(SolutionProperties) = preSolution
		HideSolutionNode = FALSE
	EndGlobalSection
	GlobalSection(ExtensibilityGlobals) = postSolution
		SolutionGuid = {29EF572E-1F0D-4797-99AB-1A057A4F1AAE}
	EndGlobalSection
EndGlobal
